<?xml version="1.0" encoding="utf-8"?>
<Project ToolsVersion="4.0" xmlns="http://schemas.microsoft.com/developer/msbuild/2003">
  <ItemGroup>
    <Filter Include="Source Files">
      <UniqueIdentifier>{4FC737F1-C7A5-4376-A066-2A32D752A2FF}</UniqueIdentifier>
      <Extensions>cpp;c;cc;cxx;c++;cppm;ixx;def;odl;idl;hpj;bat;asm;asmx</Extensions>
    </Filter>
    <Filter Include="Header Files">
      <UniqueIdentifier>{93995380-89BD-4b04-88EB-625FBE52EBFB}</UniqueIdentifier>
      <Extensions>h;hh;hpp;hxx;h++;hm;inl;inc;ipp;xsd</Extensions>
    </Filter>
    <Filter Include="Resource Files">
      <UniqueIdentifier>{67DA6AB6-F800-4c08-8B7A-83BB121AAD01}</UniqueIdentifier>
      <Extensions>rc;ico;cur;bmp;dlg;rc2;rct;bin;rgs;gif;jpg;jpeg;jpe;resx;tiff;tif;png;wav;mfcribbon-ms</Extensions>
    </Filter>
  </ItemGroup>
  <ItemGroup>
    <ClInclude Include="include\screens\clients\clsAddNewClientScreen.h">
      <Filter>Header Files</Filter>
    </ClInclude>
    <ClInclude Include="include\screens\users\clsAddNewUserScreen.h">
      <Filter>Header Files</Filter>
    </ClInclude>
    <ClInclude Include="include\models\clsBankClient.h">
      <Filter>Header Files</Filter>
    </ClInclude>
    <ClInclude Include="include\screens\clients\clsClientListScreen.h">
      <Filter>Header Files</Filter>
    </ClInclude>
    <ClInclude Include="include\core\clsDate.h">
      <Filter>Header Files</Filter>
    </ClInclude>
    <ClInclude Include="include\screens\clients\clsDeleteClientScreen.h">
      <Filter>Header Files</Filter>
    </ClInclude>
    <ClInclude Include="include\screens\users\clsDeleteUserScreen.h">
      <Filter>Header Files</Filter>
    </ClInclude>
    <ClInclude Include="include\screens\transactions\clsDepositScreen.h">
      <Filter>Header Files</Filter>
    </ClInclude>
    <ClInclude Include="include\screens\clients\clsFindClientScreen.h">
      <Filter>Header Files</Filter>
    </ClInclude>
    <ClInclude Include="include\screens\users\clsFindUserScreen.h">
      <Filter>Header Files</Filter>
    </ClInclude>
    <ClInclude Include="include\core\clsInputValidate.h">
      <Filter>Header Files</Filter>
    </ClInclude>
    <ClInclude Include="include\screens\main\clsLoginHistoryScreen.h">
      <Filter>Header Files</Filter>
    </ClInclude>
    <ClInclude Include="include\screens\main\clsLoginScreen.h">
      <Filter>Header Files</Filter>
    </ClInclude>
    <ClInclude Include="include\screens\main\clsMainScreen.h">
      <Filter>Header Files</Filter>
    </ClInclude>
    <ClInclude Include="include\screens\users\clsManageUsers.h">
      <Filter>Header Files</Filter>
    </ClInclude>
    <ClInclude Include="include\models\clsPerson.h">
      <Filter>Header Files</Filter>
    </ClInclude>
    <ClInclude Include="include\core\clsScreen.h">
      <Filter>Header Files</Filter>
    </ClInclude>
    <ClInclude Include="include\core\clsString.h">
      <Filter>Header Files</Filter>
    </ClInclude>
    <ClInclude Include="include\screens\transactions\clsTotalBalancesScreen.h">
      <Filter>Header Files</Filter>
    </ClInclude>
    <ClInclude Include="include\screens\transactions\clsTransactionsScreen.h">
      <Filter>Header Files</Filter>
    </ClInclude>
    <ClInclude Include="include\screens\transactions\clsTransferScreen.h">
      <Filter>Header Files</Filter>
    </ClInclude>
    <ClInclude Include="include\screens\clients\clsUpdateClientScreen.h">
      <Filter>Header Files</Filter>
    </ClInclude>
    <ClInclude Include="include\screens\users\clsUpdateUserScreen.h">
      <Filter>Header Files</Filter>
    </ClInclude>
    <ClInclude Include="include\models\clsUser.h">
      <Filter>Header Files</Filter>
    </ClInclude>
    <ClInclude Include="include\screens\users\clsUsersListScreen.h">
      <Filter>Header Files</Filter>
    </ClInclude>
    <ClInclude Include="include\core\clsUtil.h">
      <Filter>Header Files</Filter>
    </ClInclude>
    <ClInclude Include="include\screens\transactions\clsWithdrawScreen.h">
      <Filter>Header Files</Filter>
    </ClInclude>
    <ClInclude Include="include\core\Global.h">
      <Filter>Header Files</Filter>
    </ClInclude>
    <ClInclude Include="include\screens\transactions\clsTransferLogsScreen.h">
      <Filter>Header Files</Filter>
    </ClInclude>
    <ClInclude Include="include\models\clsCurrency.h">
      <Filter>Header Files</Filter>
    </ClInclude>
    <ClInclude Include="include\screens\currency\clsCurrencyExchangeScreen.h">
      <Filter>Header Files</Filter>
    </ClInclude>
    <ClInclude Include="include\screens\currency\clsCurrenciesListScreen.h">
      <Filter>Header Files</Filter>
    </ClInclude>
    <ClInclude Include="include\screens\currency\clsFindCurrencyScreen.h">
      <Filter>Header Files</Filter>
    </ClInclude>
    <ClInclude Include="include\screens\currency\clsUpdateCurrencyRateScreen.h">
      <Filter>Header Files</Filter>
    </ClInclude>
    <ClInclude Include="include\screens\currency\clsCurrencyCalculatorScreen.h">
      <Filter>Header Files</Filter>
    </ClInclude>
  </ItemGroup>
  <ItemGroup>
    <ClCompile Include="src\bankSystemOOP.cpp">
      <Filter>Source Files</Filter>
    </ClCompile>
    <ClCompile Include="src\clsLoginScreen.cpp">
      <Filter>Source Files</Filter>
    </ClCompile>
  </ItemGroup>
</Project>